
Microsoft Visual Studio Solution File, Format Version 12.00
# Visual Studio Version 17
VisualStudioVersion = 17.5.33530.505
MinimumVisualStudioVersion = 10.0.40219.1
Project("{FAE04EC0-301F-11D3-BF4B-00C04F79EFBC}") = "EmployeeDetails", "EmployeeDetails\EmployeeDetails.csproj", "{CB35151E-B4F5-4465-A027-0D0309A21A2E}"
EndProject
Global
	GlobalSection(SolutionConfigurationPlatforms) = preSolution
		Debug|Any CPU = Debug|Any CPU
		Release|Any CPU = Release|Any CPU
	EndGlobalSection
	GlobalSection(ProjectConfigurationPlatforms) = postSolution
		{CB35151E-B4F5-4465-A027-0D0309A21A2E}.Debug|Any CPU.ActiveCfg = Debug|Any CPU
		{CB35151E-B4F5-4465-A027-0D0309A21A2E}.Debug|Any CPU.Build.0 = Debug|Any CPU
		{CB35151E-B4F5-4465-A027-0D0309A21A2E}.Release|Any CPU.ActiveCfg = Release|Any CPU
		{CB35151E-B4F5-4465-A027-0D0309A21A2E}.Release|Any CPU.Build.0 = Release|Any CPU
	EndGlobalSection
	GlobalSection(SolutionProperties) = preSolution
		HideSolutionNode = FALSE
	EndGlobalSection
	GlobalSection(ExtensibilityGlobals) = postSolution
		SolutionGuid = {9DE1297B-BDF8-4527-9BA4-CF49109D4746}
	EndGlobalSection
EndGlobal
